{
  "lockfileVersion": 1,
  "configVersion": 1,
  "workspaces": {
    "": {
      "name": "ssc-prep-dashboard",
      "dependencies": {
        "@tiptap/extension-highlight": "^3.23.4",
        "@tiptap/extension-task-item": "^3.23.4",
        "@tiptap/extension-task-list": "^3.23.4",
        "@tiptap/react": "^3.23.4",
        "@tiptap/starter-kit": "^3.23.4",
        "autoprefixer": "^10.4.19",
        "lucide-react": "^0.534.0",
        "next": "14.2.5",
        "postcss": "^8.4.55",
        "react": "18.3.1",
        "react-dom": "18.3.1",
        "tailwindcss": "^3.4.5",
      },
      "devDependencies": {
        "typescript": "^5.5.4",
      },
    },
  },
  "packages": {
    "@alloc/quick-lru": ["@alloc/quick-lru@5.2.0", "", {}, "sha512-UrcABB+4bUrFABwbluTIBErXwvbsU/V7TZWfmbgJfbkwiBuziS9gxdODUyuiecfdGQ85jglMW6juS3+z5TsKLw=="],

    "@floating-ui/core": ["@floating-ui/core@1.7.5", "", { "dependencies": { "@floating-ui/utils": "^0.2.11" } }, "sha512-1Ih4WTWyw0+lKyFMcBHGbb5U5FtuHJuujoyyr5zTaWS5EYMeT6Jb2AuDeftsCsEuchO+mM2ij5+q9crhydzLhQ=="],

    "@floating-ui/dom": ["@floating-ui/dom@1.7.6", "", { "dependencies": { "@floating-ui/core": "^1.7.5", "@floating-ui/utils": "^0.2.11" } }, "sha512-9gZSAI5XM36880PPMm//9dfiEngYoC6Am2izES1FF406YFsjvyBMmeJ2g4SAju3xWwtuynNRFL2s9hgxpLI5SQ=="],

    "@floating-ui/utils": ["@floating-ui/utils@0.2.11", "", {}, "sha512-RiB/yIh78pcIxl6lLMG0CgBXAZ2Y0eVHqMPYugu+9U0AeT6YBeiJpf7lbdJNIugFP5SIjwNRgo4DhR1Qxi26Gg=="],

    "@jridgewell/gen-mapping": ["@jridgewell/gen-mapping@0.3.13", "", { "dependencies": { "@jridgewell/sourcemap-codec": "^1.5.0", "@jridgewell/trace-mapping": "^0.3.24" } }, "sha512-2kkt/7niJ6MgEPxF0bYdQ6etZaA+fQvDcLKckhy1yIQOzaoKjBBjSj63/aLVjYE3qhRt5dvM+uUyfCg6UKCBbA=="],

    "@jridgewell/resolve-uri": ["@jridgewell/resolve-uri@3.1.2", "", {}, "sha512-bRISgCIjP20/tbWSPWMEi54QVPRZExkuD9lJL+UIxUKtwVJA8wW1Trb1jMs1RFXo1CBTNZ/5hpC9QvmKWdopKw=="],

    "@jridgewell/sourcemap-codec": ["@jridgewell/sourcemap-codec@1.5.5", "", {}, "sha512-cYQ9310grqxueWbl+WuIUIaiUaDcj7WOq5fVhEljNVgRfOUhY9fy2zTvfoqWsnebh8Sl70VScFbICvJnLKB0Og=="],

    "@jridgewell/trace-mapping": ["@jridgewell/trace-mapping@0.3.31", "", { "dependencies": { "@jridgewell/resolve-uri": "^3.1.0", "@jridgewell/sourcemap-codec": "^1.4.14" } }, "sha512-zzNR+SdQSDJzc8joaeP8QQoCQr8NuYx2dIIytl1QeBEZHJ9uW6hebsrYgbz8hJwUQao3TWCMtmfV8Nu1twOLAw=="],

    "@next/env": ["@next/env@14.2.5", "", {}, "sha512-/zZGkrTOsraVfYjGP8uM0p6r0BDT6xWpkjdVbcz66PJVSpwXX3yNiRycxAuDfBKGWBrZBXRuK/YVlkNgxHGwmA=="],

    "@next/swc-darwin-arm64": ["@next/swc-darwin-arm64@14.2.5", "", { "os": "darwin", "cpu": "arm64" }, "sha512-/9zVxJ+K9lrzSGli1///ujyRfon/ZneeZ+v4ptpiPoOU+GKZnm8Wj8ELWU1Pm7GHltYRBklmXMTUqM/DqQ99FQ=="],

    "@next/swc-darwin-x64": ["@next/swc-darwin-x64@14.2.5", "", { "os": "darwin", "cpu": "x64" }, "sha512-vXHOPCwfDe9qLDuq7U1OYM2wUY+KQ4Ex6ozwsKxp26BlJ6XXbHleOUldenM67JRyBfVjv371oneEvYd3H2gNSA=="],

    "@next/swc-linux-arm64-gnu": ["@next/swc-linux-arm64-gnu@14.2.5", "", { "os": "linux", "cpu": "arm64" }, "sha512-vlhB8wI+lj8q1ExFW8lbWutA4M2ZazQNvMWuEDqZcuJJc78iUnLdPPunBPX8rC4IgT6lIx/adB+Cwrl99MzNaA=="],

    "@next/swc-linux-arm64-musl": ["@next/swc-linux-arm64-musl@14.2.5", "", { "os": "linux", "cpu": "arm64" }, "sha512-NpDB9NUR2t0hXzJJwQSGu1IAOYybsfeB+LxpGsXrRIb7QOrYmidJz3shzY8cM6+rO4Aojuef0N/PEaX18pi9OA=="],

    "@next/swc-linux-x64-gnu": ["@next/swc-linux-x64-gnu@14.2.5", "", { "os": "linux", "cpu": "x64" }, "sha512-8XFikMSxWleYNryWIjiCX+gU201YS+erTUidKdyOVYi5qUQo/gRxv/3N1oZFCgqpesN6FPeqGM72Zve+nReVXQ=="],

    "@next/swc-linux-x64-musl": ["@next/swc-linux-x64-musl@14.2.5", "", { "os": "linux", "cpu": "x64" }, "sha512-6QLwi7RaYiQDcRDSU/os40r5o06b5ue7Jsk5JgdRBGGp8l37RZEh9JsLSM8QF0YDsgcosSeHjglgqi25+m04IQ=="],

    "@next/swc-win32-arm64-msvc": ["@next/swc-win32-arm64-msvc@14.2.5", "", { "os": "win32", "cpu": "arm64" }, "sha512-1GpG2VhbspO+aYoMOQPQiqc/tG3LzmsdBH0LhnDS3JrtDx2QmzXe0B6mSZZiN3Bq7IOMXxv1nlsjzoS1+9mzZw=="],

    "@next/swc-win32-ia32-msvc": ["@next/swc-win32-ia32-msvc@14.2.5", "", { "os": "win32", "cpu": "ia32" }, "sha512-Igh9ZlxwvCDsu6438FXlQTHlRno4gFpJzqPjSIBZooD22tKeI4fE/YMRoHVJHmrQ2P5YL1DoZ0qaOKkbeFWeMg=="],

    "@next/swc-win32-x64-msvc": ["@next/swc-win32-x64-msvc@14.2.5", "", { "os": "win32", "cpu": "x64" }, "sha512-tEQ7oinq1/CjSG9uSTerca3v4AZ+dFa+4Yu6ihaG8Ud8ddqLQgFGcnwYls13H5X5CPDPZJdYxyeMui6muOLd4g=="],

    "@nodelib/fs.scandir": ["@nodelib/fs.scandir@2.1.5", "", { "dependencies": { "@nodelib/fs.stat": "2.0.5", "run-parallel": "^1.1.9" } }, "sha512-vq24Bq3ym5HEQm2NKCr3yXDwjc7vTsEThRDnkp2DK9p1uqLR+DHurm/NOTo0KG7HYHU7eppKZj3MyqYuMBf62g=="],

    "@nodelib/fs.stat": ["@nodelib/fs.stat@2.0.5", "", {}, "sha512-RkhPPp2zrqDAQA/2jNhnztcPAlv64XdhIp7a7454A5ovI7Bukxgt7MX7udwAu3zg1DcpPU0rz3VV1SeaqvY4+A=="],

    "@nodelib/fs.walk": ["@nodelib/fs.walk@1.2.8", "", { "dependencies": { "@nodelib/fs.scandir": "2.1.5", "fastq": "^1.6.0" } }, "sha512-oGB+UxlgWcgQkgwo8GcEGwemoTFt3FIO9ababBmaGwXIoBKZ+GTy0pP185beGg7Llih/NSHSV2XAs1lnznocSg=="],

    "@swc/counter": ["@swc/counter@0.1.3", "", {}, "sha512-e2BR4lsJkkRlKZ/qCHPw9ZaSxc0MVUd7gtbtaB7aMvHeJVYe8sOB8DBZkP2DtISHGSku9sCK6T6cnY0CtXrOCQ=="],

    "@swc/helpers": ["@swc/helpers@0.5.5", "", { "dependencies": { "@swc/counter": "^0.1.3", "tslib": "^2.4.0" } }, "sha512-KGYxvIOXcceOAbEk4bi/dVLEK9z8sZ0uBB3Il5b1rhfClSpcX0yfRO0KmTkqR2cnQDymwLB+25ZyMzICg/cm/A=="],

    "@tiptap/core": ["@tiptap/core@3.23.4", "", { "peerDependencies": { "@tiptap/pm": "3.23.4" } }, "sha512-ni2LWE52bVeSt3L2HVBSmbBw+elc32ATej9C68EyKzN/8vR5ILxFn6RCdDTKm4asmwZyq2jys12dKmBdWMr9QA=="],

    "@tiptap/extension-blockquote": ["@tiptap/extension-blockquote@3.23.4", "", { "peerDependencies": { "@tiptap/core": "3.23.4" } }, "sha512-7YjSibNlPcy9eGK+tHt5G/Njr7nPxl+rZ3rCC6TwtLIRLSHPnoGDsfFOgTPkXxaQcE1a/VQwemnYfWc3kdIjDQ=="],

    "@tiptap/extension-bold": ["@tiptap/extension-bold@3.23.4", "", { "peerDependencies": { "@tiptap/core": "3.23.4" } }, "sha512-3L9tnZ12i+98u5df2nV2zGu/sc3rhI87E3ocn1YYAO8PJUAgZnMwdet8JawCrS1uut5sRKlxo3SXEmdNfRVm/w=="],

    "@tiptap/extension-bubble-menu": ["@tiptap/extension-bubble-menu@3.23.4", "", { "dependencies": { "@floating-ui/dom": "^1.0.0" }, "peerDependencies": { "@tiptap/core": "3.23.4", "@tiptap/pm": "3.23.4" } }, "sha512-EPTpL/IFp/aTGZErBq/Mc3dKznj6G/qNEkVYWjueOn1oKApyT0P6WVHGvu/vpMdErhzmoGDuFPPGVS6T8Upx2Q=="],

    "@tiptap/extension-bullet-list": ["@tiptap/extension-bullet-list@3.23.4", "", { "peerDependencies": { "@tiptap/extension-list": "3.23.4" } }, "sha512-mXB2KZOz1R+E6VNTZ3vzdAk7ZDGKjPmsJEZIQg1B5qRycTKg49/rCCkLA2QnqAwX6BzS3mLLH1RWE2W0oXD7vg=="],

    "@tiptap/extension-code": ["@tiptap/extension-code@3.23.4", "", { "peerDependencies": { "@tiptap/core": "3.23.4" } }, "sha512-C0TeRipMycUEBnV+Mzx6eLp/yZb6Vi/waP3Tkb0lO5/ikg7LWLB7AlmMunjIXEUcR/pJHID/aEh5PfJFpysUDg=="],

    "@tiptap/extension-code-block": ["@tiptap/extension-code-block@3.23.4", "", { "peerDependencies": { "@tiptap/core": "3.23.4", "@tiptap/pm": "3.23.4" } }, "sha512-UEU1w/85CSNKktbhESnIRmtjKcH7DeschReZA8err1wAnYLTKzid5ucnJSJ25iRg2V5Fnuws5gnPT5CVgdfXCQ=="],

    "@tiptap/extension-document": ["@tiptap/extension-document@3.23.4", "", { "peerDependencies": { "@tiptap/core": "3.23.4" } }, "sha512-YC4G6VkxT629rlqUTwD6XvOpxjvghn7fxrK4RbyKVJY2C6E1vgmX0won1Ast6v+qTE6iONOMS6f6VyPxSGjg4w=="],

    "@tiptap/extension-dropcursor": ["@tiptap/extension-dropcursor@3.23.4", "", { "peerDependencies": { "@tiptap/extensions": "3.23.4" } }, "sha512-ujJQUIENk0RwVFCh5g/TOSEv1a7Pnam/cjHmSUqHWUNZkYS9aOqjm+JfURJPCinRS2oHvo3AARul5mkKgDJYcA=="],

    "@tiptap/extension-floating-menu": ["@tiptap/extension-floating-menu@3.23.4", "", { "peerDependencies": { "@floating-ui/dom": "^1.0.0", "@tiptap/core": "3.23.4", "@tiptap/pm": "3.23.4" } }, "sha512-eAc72bKM26yIPx0jsU8qdjE71vFNVu5R9jGbdItBMFc0SPLS4qY8g+8RJ+iWoLwbcSEpgooLS9D9sLfdAU+Tvw=="],

    "@tiptap/extension-gapcursor": ["@tiptap/extension-gapcursor@3.23.4", "", { "peerDependencies": { "@tiptap/extensions": "3.23.4" } }, "sha512-RuyvOlIGP6UpVOc0Lw0L63jKLtYM49CNhPV2OMSfwwwbBZ3pJGos2/SqpYg71d3sn+qpsAopS4Pfr8iPZog73A=="],

    "@tiptap/extension-hard-break": ["@tiptap/extension-hard-break@3.23.4", "", { "peerDependencies": { "@tiptap/core": "3.23.4" } }, "sha512-ODlpZCi7n136BH9luM09EFL8Pg+bbRCd0tzCQM5BKMXRkLitYZA8Gl/f5DLmGJ50wzFsDPXK2Br2g9UvZK7COg=="],

    "@tiptap/extension-heading": ["@tiptap/extension-heading@3.23.4", "", { "peerDependencies": { "@tiptap/core": "3.23.4" } }, "sha512-8W9Hqi0J69Xbqg08nPf4xRMJXMccaKFAgUE1tvy5PAWJSQxOMwkKQXgZXxwe+80sOMUnV8qveBqUy/ODMPgAxQ=="],

    "@tiptap/extension-highlight": ["@tiptap/extension-highlight@3.23.4", "", { "peerDependencies": { "@tiptap/core": "3.23.4" } }, "sha512-OyCnpFpLRWg9sWlXVMIsvo2bpf4cp7Gdz5b57eceNsr4Cm5RcHtJTiziKO6kSrSYLWdoL4T9m3SNvF5/7ekx0g=="],

    "@tiptap/extension-horizontal-rule": ["@tiptap/extension-horizontal-rule@3.23.4", "", { "peerDependencies": { "@tiptap/core": "3.23.4", "@tiptap/pm": "3.23.4" } }, "sha512-EA4kK8ywZ4dQNOdxeZbplmDDs5T5LjMgHpqxRwukj9wwKiILOK5E3fcKm1fCKh9Q02w96jax6YVccHwmgJP3sQ=="],

    "@tiptap/extension-italic": ["@tiptap/extension-italic@3.23.4", "", { "peerDependencies": { "@tiptap/core": "3.23.4" } }, "sha512-jUAHi+HZlg47BzgVIy6y/UH5vev7vPQ95jddhB5K3hC122kvWFMXlken7UOnqzbxNcHs2+4Oi/ZJirYMpT4P5w=="],

    "@tiptap/extension-link": ["@tiptap/extension-link@3.23.4", "", { "dependencies": { "linkifyjs": "^4.3.3" }, "peerDependencies": { "@tiptap/core": "3.23.4", "@tiptap/pm": "3.23.4" } }, "sha512-XjxltY7MomwfTs6jmN6Bw5bb/upb34lpyqv2RiXppFTK25Br7ipksRjUpWpB4/csZeg30qwrLGVKxCol38ffrw=="],

    "@tiptap/extension-list": ["@tiptap/extension-list@3.23.4", "", { "peerDependencies": { "@tiptap/core": "3.23.4", "@tiptap/pm": "3.23.4" } }, "sha512-yuauDm6qW/7q+ZO0YJBKQEGdnUm6DDTJM8AMp9bMZrT4jRf/zyUtNcZ91QEfFvBcyVuI+10PIOXtNPevhQ741Q=="],

    "@tiptap/extension-list-item": ["@tiptap/extension-list-item@3.23.4", "", { "peerDependencies": { "@tiptap/extension-list": "3.23.4" } }, "sha512-Q/JXosShD5oyDwukE6igdrZD2lb0ZgyoQTHYchk0pzU4frClFbn3RI1wKP+XeqKLhdO6KH2WZ9rERGH7PtDi7Q=="],

    "@tiptap/extension-list-keymap": ["@tiptap/extension-list-keymap@3.23.4", "", { "peerDependencies": { "@tiptap/extension-list": "3.23.4" } }, "sha512-9FezifCfuoc0o+5K6l4QNOOfelqxnDGg/f9oL1D/LFZPC54bPxpWWft9QCWOqyqZgyLCLjbCjciAlbgkrFUmmw=="],

    "@tiptap/extension-ordered-list": ["@tiptap/extension-ordered-list@3.23.4", "", { "peerDependencies": { "@tiptap/extension-list": "3.23.4" } }, "sha512-+3ofyssYnOTa1+nFWEmCAY1ngn8nAV1xo25JnNNC87NMU9WkSgr93jB7/uUJP0uui1C2dBLlaup3XXm108yarw=="],

    "@tiptap/extension-paragraph": ["@tiptap/extension-paragraph@3.23.4", "", { "peerDependencies": { "@tiptap/core": "3.23.4" } }, "sha512-KbhXjCFzWphvFn5VU7E4dtmYDm+bssI1i0+CnXPWCXkjdaaX88ck68Xp1fKz8/bbI/CqlgiNDO/3TvqgtZ6woQ=="],

    "@tiptap/extension-strike": ["@tiptap/extension-strike@3.23.4", "", { "peerDependencies": { "@tiptap/core": "3.23.4" } }, "sha512-Vnq5vW801zPbu1LtKeA5k4R241jY+hRjXeijYwIPxy15KzIiipY12518HiCf6/8kkRbMxgOfdYg9X4BRV3HV3g=="],

    "@tiptap/extension-task-item": ["@tiptap/extension-task-item@3.23.4", "", { "peerDependencies": { "@tiptap/extension-list": "3.23.4" } }, "sha512-b6lmmwCcF5/9WetpgnSa5gxq/dRpJNJNvl4om/XKVRsvC9MQ3GwJMnhjPmcIneop4M5n++644+PJRu/N03uM7w=="],

    "@tiptap/extension-task-list": ["@tiptap/extension-task-list@3.23.4", "", { "peerDependencies": { "@tiptap/extension-list": "3.23.4" } }, "sha512-WIz4MHvPZssS5pNTTn2BuriCNrHA6jeS1XiRIqJFrvRXj7Kc9scXtGpne3GmisXDDeDKcP1IjREwQO9nlD8mVw=="],

    "@tiptap/extension-text": ["@tiptap/extension-text@3.23.4", "", { "peerDependencies": { "@tiptap/core": "3.23.4" } }, "sha512-q9kxver/MR18p66aWZHSPycnr9hcBFyVGeGj8gf+BQCzn5hpvtSYTfLvk1nq8GFhygdQ9/e3f7B5ovrm/jnpvw=="],

    "@tiptap/extension-underline": ["@tiptap/extension-underline@3.23.4", "", { "peerDependencies": { "@tiptap/core": "3.23.4" } }, "sha512-F1ocPT10LV+seky25R1TMCRdc/Iof99jLcDSYDGr6mNEDY4ct2RvOeSM8aDdYq6CkH+vXt3i3JDeRwV23KzswQ=="],

    "@tiptap/extensions": ["@tiptap/extensions@3.23.4", "", { "peerDependencies": { "@tiptap/core": "3.23.4", "@tiptap/pm": "3.23.4" } }, "sha512-SlGPXauW8iKWG7wwuwC/0y/smLImp0h6GBIGgNnTBgIP/ThXQnjLMSZH0mW/REO87dQxkku01V3ARRywi+juhg=="],

    "@tiptap/pm": ["@tiptap/pm@3.23.4", "", { "dependencies": { "prosemirror-changeset": "^2.3.0", "prosemirror-commands": "^1.6.2", "prosemirror-dropcursor": "^1.8.1", "prosemirror-gapcursor": "^1.3.2", "prosemirror-history": "^1.4.1", "prosemirror-keymap": "^1.2.2", "prosemirror-model": "^1.24.1", "prosemirror-schema-list": "^1.5.0", "prosemirror-state": "^1.4.3", "prosemirror-tables": "^1.6.4", "prosemirror-transform": "^1.10.2", "prosemirror-view": "^1.38.1" } }, "sha512-+C5ngcoza47n3MjtjVBqBEBICPC0McdbwzJ+X6SSCviCLoqnSYanv5mIX9HWG0Q4fJ4BkdNM3VibZUxQaTbKyQ=="],

    "@tiptap/react": ["@tiptap/react@3.23.4", "", { "dependencies": { "@types/use-sync-external-store": "^0.0.6", "fast-equals": "^5.3.3", "use-sync-external-store": "^1.4.0" }, "optionalDependencies": { "@tiptap/extension-bubble-menu": "^3.23.4", "@tiptap/extension-floating-menu": "^3.23.4" }, "peerDependencies": { "@tiptap/core": "3.23.4", "@tiptap/pm": "3.23.4", "@types/react": "^17.0.0 || ^18.0.0 || ^19.0.0", "@types/react-dom": "^17.0.0 || ^18.0.0 || ^19.0.0", "react": "^17.0.0 || ^18.0.0 || ^19.0.0", "react-dom": "^17.0.0 || ^18.0.0 || ^19.0.0" } }, "sha512-mb5aIY9PuLreOVLExqs+8BAI20I/8+jCUBfEIqheuFY2GRRuBiwczejSlYuADfVDBbPVN5uPw4UMADCaH5wueQ=="],

    "@tiptap/starter-kit": ["@tiptap/starter-kit@3.23.4", "", { "dependencies": { "@tiptap/core": "^3.23.4", "@tiptap/extension-blockquote": "^3.23.4", "@tiptap/extension-bold": "^3.23.4", "@tiptap/extension-bullet-list": "^3.23.4", "@tiptap/extension-code": "^3.23.4", "@tiptap/extension-code-block": "^3.23.4", "@tiptap/extension-document": "^3.23.4", "@tiptap/extension-dropcursor": "^3.23.4", "@tiptap/extension-gapcursor": "^3.23.4", "@tiptap/extension-hard-break": "^3.23.4", "@tiptap/extension-heading": "^3.23.4", "@tiptap/extension-horizontal-rule": "^3.23.4", "@tiptap/extension-italic": "^3.23.4", "@tiptap/extension-link": "^3.23.4", "@tiptap/extension-list": "^3.23.4", "@tiptap/extension-list-item": "^3.23.4", "@tiptap/extension-list-keymap": "^3.23.4", "@tiptap/extension-ordered-list": "^3.23.4", "@tiptap/extension-paragraph": "^3.23.4", "@tiptap/extension-strike": "^3.23.4", "@tiptap/extension-text": "^3.23.4", "@tiptap/extension-underline": "^3.23.4", "@tiptap/extensions": "^3.23.4", "@tiptap/pm": "^3.23.4" } }, "sha512-3VhU+NO6/ec9DMj/5Ej0nzARSq42cXnqW+QHCmTL3FNXkXQz+tw1KlfruT5GGJ3M0RssjWjRC0a39N/4S3qxeA=="],

    "@types/react": ["@types/react@19.2.14", "", { "dependencies": { "csstype": "^3.2.2" } }, "sha512-ilcTH/UniCkMdtexkoCN0bI7pMcJDvmQFPvuPvmEaYA/NSfFTAgdUSLAoVjaRJm7+6PvcM+q1zYOwS4wTYMF9w=="],

    "@types/react-dom": ["@types/react-dom@19.2.3", "", { "peerDependencies": { "@types/react": "^19.2.0" } }, "sha512-jp2L/eY6fn+KgVVQAOqYItbF0VY/YApe5Mz2F0aykSO8gx31bYCZyvSeYxCHKvzHG5eZjc+zyaS5BrBWya2+kQ=="],

    "@types/use-sync-external-store": ["@types/use-sync-external-store@0.0.6", "", {}, "sha512-zFDAD+tlpf2r4asuHEj0XH6pY6i0g5NeAHPn+15wk3BV6JA69eERFXC1gyGThDkVa1zCyKr5jox1+2LbV/AMLg=="],

    "any-promise": ["any-promise@1.3.0", "", {}, "sha512-7UvmKalWRt1wgjL1RrGxoSJW/0QZFIegpeGvZG9kjp8vrRu55XTHbwnqq2GpXm9uLbcuhxm3IqX9OB4MZR1b2A=="],

    "anymatch": ["anymatch@3.1.3", "", { "dependencies": { "normalize-path": "^3.0.0", "picomatch": "^2.0.4" } }, "sha512-KMReFUr0B4t+D+OBkjR3KYqvocp2XaSzO55UcB6mgQMd3KbcE+mWTyvVV7D/zsdEbNnV6acZUutkiHQXvTr1Rw=="],

    "arg": ["arg@5.0.2", "", {}, "sha512-PYjyFOLKQ9y57JvQ6QLo8dAgNqswh8M1RMJYdQduT6xbWSgK36P/Z/v+p888pM69jMMfS8Xd8F6I1kQ/I9HUGg=="],

    "autoprefixer": ["autoprefixer@10.5.0", "", { "dependencies": { "browserslist": "^4.28.2", "caniuse-lite": "^1.0.30001787", "fraction.js": "^5.3.4", "picocolors": "^1.1.1", "postcss-value-parser": "^4.2.0" }, "peerDependencies": { "postcss": "^8.1.0" }, "bin": { "autoprefixer": "bin/autoprefixer" } }, "sha512-FMhOoZV4+qR6aTUALKX2rEqGG+oyATvwBt9IIzVR5rMa2HRWPkxf+P+PAJLD1I/H5/II+HuZcBJYEFBpq39ong=="],

    "baseline-browser-mapping": ["baseline-browser-mapping@2.10.29", "", { "bin": { "baseline-browser-mapping": "dist/cli.cjs" } }, "sha512-Asa2krT+XTPZINCS+2QcyS8WTkObE77RwkydwF7h6DmnKqbvlalz93m/dnphUyCa6SWSP51VgtEUf2FN+gelFQ=="],

    "binary-extensions": ["binary-extensions@2.3.0", "", {}, "sha512-Ceh+7ox5qe7LJuLHoY0feh3pHuUDHAcRUeyL2VYghZwfpkNIy/+8Ocg0a3UuSoYzavmylwuLWQOf3hl0jjMMIw=="],

    "braces": ["braces@3.0.3", "", { "dependencies": { "fill-range": "^7.1.1" } }, "sha512-yQbXgO/OSZVD2IsiLlro+7Hf6Q18EJrKSEsdoMzKePKXct3gvD8oLcOQdIzGupr5Fj+EDe8gO/lxc1BzfMpxvA=="],

    "browserslist": ["browserslist@4.28.2", "", { "dependencies": { "baseline-browser-mapping": "^2.10.12", "caniuse-lite": "^1.0.30001782", "electron-to-chromium": "^1.5.328", "node-releases": "^2.0.36", "update-browserslist-db": "^1.2.3" }, "bin": { "browserslist": "cli.js" } }, "sha512-48xSriZYYg+8qXna9kwqjIVzuQxi+KYWp2+5nCYnYKPTr0LvD89Jqk2Or5ogxz0NUMfIjhh2lIUX/LyX9B4oIg=="],

    "busboy": ["busboy@1.6.0", "", { "dependencies": { "streamsearch": "^1.1.0" } }, "sha512-8SFQbg/0hQ9xy3UNTB0YEnsNBbWfhf7RtnzpL7TkBiTBRfrQ9Fxcnz7VJsleJpyp6rVLvXiuORqjlHi5q+PYuA=="],

    "camelcase-css": ["camelcase-css@2.0.1", "", {}, "sha512-QOSvevhslijgYwRx6Rv7zKdMF8lbRmx+uQGx2+vDc+KI/eBnsy9kit5aj23AgGu3pa4t9AgwbnXWqS+iOY+2aA=="],

    "caniuse-lite": ["caniuse-lite@1.0.30001792", "", {}, "sha512-hVLMUZFgR4JJ6ACt1uEESvQN1/dBVqPAKY0hgrV70eN3391K6juAfTjKZLKvOMsx8PxA7gsY1/tLMMTcfFLLpw=="],

    "chokidar": ["chokidar@3.6.0", "", { "dependencies": { "anymatch": "~3.1.2", "braces": "~3.0.2", "glob-parent": "~5.1.2", "is-binary-path": "~2.1.0", "is-glob": "~4.0.1", "normalize-path": "~3.0.0", "readdirp": "~3.6.0" }, "optionalDependencies": { "fsevents": "~2.3.2" } }, "sha512-7VT13fmjotKpGipCW9JEQAusEPE+Ei8nl6/g4FBAmIm0GOOLMua9NDDo/DWp0ZAxCr3cPq5ZpBqmPAQgDda2Pw=="],

    "client-only": ["client-only@0.0.1", "", {}, "sha512-IV3Ou0jSMzZrd3pZ48nLkT9DA7Ag1pnPzaiQhpW7c3RbcqqzvzzVu+L8gfqMp/8IM2MQtSiqaCxrrcfu8I8rMA=="],

    "commander": ["commander@4.1.1", "", {}, "sha512-NOKm8xhkzAjzFx8B2v5OAHT+u5pRQc2UCa2Vq9jYL/31o2wi9mxBA7LIFs3sV5VSC49z6pEhfbMULvShKj26WA=="],

    "cssesc": ["cssesc@3.0.0", "", { "bin": { "cssesc": "bin/cssesc" } }, "sha512-/Tb/JcjK111nNScGob5MNtsntNM1aCNUDipB/TkwZFhyDrrE47SOx/18wF2bbjgc3ZzCSKW1T5nt5EbFoAz/Vg=="],

    "csstype": ["csstype@3.2.3", "", {}, "sha512-z1HGKcYy2xA8AGQfwrn0PAy+PB7X/GSj3UVJW9qKyn43xWa+gl5nXmU4qqLMRzWVLFC8KusUX8T/0kCiOYpAIQ=="],

    "didyoumean": ["didyoumean@1.2.2", "", {}, "sha512-gxtyfqMg7GKyhQmb056K7M3xszy/myH8w+B4RT+QXBQsvAOdc3XymqDDPHx1BgPgsdAA5SIifona89YtRATDzw=="],

    "dlv": ["dlv@1.1.3", "", {}, "sha512-+HlytyjlPKnIG8XuRG8WvmBP8xs8P71y+SKKS6ZXWoEgLuePxtDoUEiH7WkdePWrQ5JBpE6aoVqfZfJUQkjXwA=="],

    "electron-to-chromium": ["electron-to-chromium@1.5.354", "", {}, "sha512-JaBHwWcfIdmSAfWM5l3uwjGd431j8YEMikZ+K/2nXVuBqJKyZ0f+2h4n4JY5AyNiZmnY9qQr2RU3v9DxDmHMNg=="],

    "es-errors": ["es-errors@1.3.0", "", {}, "sha512-Zf5H2Kxt2xjTvbJvP2ZWLEICxA6j+hAmMzIlypy4xcBg1vKVnx89Wy0GbS+kf5cwCVFFzdCFh2XSCFNULS6csw=="],

    "escalade": ["escalade@3.2.0", "", {}, "sha512-WUj2qlxaQtO4g6Pq5c29GTcWGDyd8itL8zTlipgECz3JesAiiOKotd8JU6otB3PACgG6xkJUyVhboMS+bje/jA=="],

    "fast-equals": ["fast-equals@5.4.0", "", {}, "sha512-jt2DW/aNFNwke7AUd+Z+e6pz39KO5rzdbbFCg2sGafS4mk13MI7Z8O5z9cADNn5lhGODIgLwug6TZO2ctf7kcw=="],

    "fast-glob": ["fast-glob@3.3.3", "", { "dependencies": { "@nodelib/fs.stat": "^2.0.2", "@nodelib/fs.walk": "^1.2.3", "glob-parent": "^5.1.2", "merge2": "^1.3.0", "micromatch": "^4.0.8" } }, "sha512-7MptL8U0cqcFdzIzwOTHoilX9x5BrNqye7Z/LuC7kCMRio1EMSyqRK3BEAUD7sXRq4iT4AzTVuZdhgQ2TCvYLg=="],

    "fastq": ["fastq@1.20.1", "", { "dependencies": { "reusify": "^1.0.4" } }, "sha512-GGToxJ/w1x32s/D2EKND7kTil4n8OVk/9mycTc4VDza13lOvpUZTGX3mFSCtV9ksdGBVzvsyAVLM6mHFThxXxw=="],

    "fdir": ["fdir@6.5.0", "", { "peerDependencies": { "picomatch": "^3 || ^4" }, "optionalPeers": ["picomatch"] }, "sha512-tIbYtZbucOs0BRGqPJkshJUYdL+SDH7dVM8gjy+ERp3WAUjLEFJE+02kanyHtwjWOnwrKYBiwAmM0p4kLJAnXg=="],

    "fill-range": ["fill-range@7.1.1", "", { "dependencies": { "to-regex-range": "^5.0.1" } }, "sha512-YsGpe3WHLK8ZYi4tWDg2Jy3ebRz2rXowDxnld4bkQB00cc/1Zw9AWnC0i9ztDJitivtQvaI9KaLyKrc+hBW0yg=="],

    "fraction.js": ["fraction.js@5.3.4", "", {}, "sha512-1X1NTtiJphryn/uLQz3whtY6jK3fTqoE3ohKs0tT+Ujr1W59oopxmoEh7Lu5p6vBaPbgoM0bzveAW4Qi5RyWDQ=="],

    "fsevents": ["fsevents@2.3.3", "", { "os": "darwin" }, "sha512-5xoDfX+fL7faATnagmWPpbFtwh/R77WmMMqqHGS65C3vvB0YHrgF+B1YmZ3441tMj5n63k0212XNoJwzlhffQw=="],

    "function-bind": ["function-bind@1.1.2", "", {}, "sha512-7XHNxH7qX9xG5mIwxkhumTox/MIRNcOgDrxWsMt2pAr23WHp6MrRlN7FBSFpCpr+oVO0F744iUgR82nJMfG2SA=="],

    "glob-parent": ["glob-parent@6.0.2", "", { "dependencies": { "is-glob": "^4.0.3" } }, "sha512-XxwI8EOhVQgWp6iDL+3b0r86f4d6AX6zSU55HfB4ydCEuXLXc5FcYeOu+nnGftS4TEju/11rt4KJPTMgbfmv4A=="],

    "graceful-fs": ["graceful-fs@4.2.11", "", {}, "sha512-RbJ5/jmFcNNCcDV5o9eTnBLJ/HszWV0P73bc+Ff4nS/rJj+YaS6IGyiOL0VoBYX+l1Wrl3k63h/KrH+nhJ0XvQ=="],

    "hasown": ["hasown@2.0.3", "", { "dependencies": { "function-bind": "^1.1.2" } }, "sha512-ej4AhfhfL2Q2zpMmLo7U1Uv9+PyhIZpgQLGT1F9miIGmiCJIoCgSmczFdrc97mWT4kVY72KA+WnnhJ5pghSvSg=="],

    "is-binary-path": ["is-binary-path@2.1.0", "", { "dependencies": { "binary-extensions": "^2.0.0" } }, "sha512-ZMERYes6pDydyuGidse7OsHxtbI7WVeUEozgR/g7rd0xUimYNlvZRE/K2MgZTjWy725IfelLeVcEM97mmtRGXw=="],

    "is-core-module": ["is-core-module@2.16.2", "", { "dependencies": { "hasown": "^2.0.3" } }, "sha512-evOr8xfXKxE6qSR0hSXL2r3sd7ALj8+7jQEUvPYcm5sgZFdJ+AYzT6yNmJenvIYQBgIGwfwz08sL8zoL7yq2BA=="],

    "is-extglob": ["is-extglob@2.1.1", "", {}, "sha512-SbKbANkN603Vi4jEZv49LeVJMn4yGwsbzZworEoyEiutsN3nJYdbO36zfhGJ6QEDpOZIFkDtnq5JRxmvl3jsoQ=="],

    "is-glob": ["is-glob@4.0.3", "", { "dependencies": { "is-extglob": "^2.1.1" } }, "sha512-xelSayHH36ZgE7ZWhli7pW34hNbNl8Ojv5KVmkJD4hBdD3th8Tfk9vYasLM+mXWOZhFkgZfxhLSnrwRr4elSSg=="],

    "is-number": ["is-number@7.0.0", "", {}, "sha512-41Cifkg6e8TylSpdtTpeLVMqvSBEVzTttHvERD741+pnZ8ANv0004MRL43QKPDlK9cGvNp6NZWZUBlbGXYxxng=="],

    "jiti": ["jiti@1.21.7", "", { "bin": { "jiti": "bin/jiti.js" } }, "sha512-/imKNG4EbWNrVjoNC/1H5/9GFy+tqjGBHCaSsN+P2RnPqjsLmv6UD3Ej+Kj8nBWaRAwyk7kK5ZUc+OEatnTR3A=="],

    "js-tokens": ["js-tokens@4.0.0", "", {}, "sha512-RdJUflcE3cUzKiMqQgsCu06FPu9UdIJO0beYbPhHN4k6apgJtifcoCtT9bcxOpYBtpD2kCM6Sbzg4CausW/PKQ=="],

    "lilconfig": ["lilconfig@3.1.3", "", {}, "sha512-/vlFKAoH5Cgt3Ie+JLhRbwOsCQePABiU3tJ1egGvyQ+33R/vcwM2Zl2QR/LzjsBeItPt3oSVXapn+m4nQDvpzw=="],

    "lines-and-columns": ["lines-and-columns@1.2.4", "", {}, "sha512-7ylylesZQ/PV29jhEDl3Ufjo6ZX7gCqJr5F7PKrqc93v7fzSymt1BpwEU8nAUXs8qzzvqhbjhK5QZg6Mt/HkBg=="],

    "linkifyjs": ["linkifyjs@4.3.3", "", {}, "sha512-P8aEP5U/D1/IlTY2OeYsErdwh9bGuLE30NcXtKEjgdHcahveQoQwM2yZNsioQHsWFz0P7KKudisbrzCgR0sDHg=="],

    "loose-envify": ["loose-envify@1.4.0", "", { "dependencies": { "js-tokens": "^3.0.0 || ^4.0.0" }, "bin": { "loose-envify": "cli.js" } }, "sha512-lyuxPGr/Wfhrlem2CL/UcnUc1zcqKAImBDzukY7Y5F/yQiNdko6+fRLevlw1HgMySw7f611UIY408EtxRSoK3Q=="],

    "lucide-react": ["lucide-react@0.534.0", "", { "peerDependencies": { "react": "^16.5.1 || ^17.0.0 || ^18.0.0 || ^19.0.0" } }, "sha512-4Bz7rujQ/mXHqCwjx09ih/Q9SCizz9CjBV5repw9YSHZZZaop9/Oj0RgCDt6WdEaeAPfbcZ8l2b4jzApStqgNw=="],

    "merge2": ["merge2@1.4.1", "", {}, "sha512-8q7VEgMJW4J8tcfVPy8g09NcQwZdbwFEqhe/WZkoIzjn/3TGDwtOCYtXGxA3O8tPzpczCCDgv+P2P5y00ZJOOg=="],

    "micromatch": ["micromatch@4.0.8", "", { "dependencies": { "braces": "^3.0.3", "picomatch": "^2.3.1" } }, "sha512-PXwfBhYu0hBCPw8Dn0E+WDYb7af3dSLVWKi3HGv84IdF4TyFoC0ysxFd0Goxw7nSv4T/PzEJQxsYsEiFCKo2BA=="],

    "mz": ["mz@2.7.0", "", { "dependencies": { "any-promise": "^1.0.0", "object-assign": "^4.0.1", "thenify-all": "^1.0.0" } }, "sha512-z81GNO7nnYMEhrGh9LeymoE4+Yr0Wn5McHIZMK5cfQCl+NDX08sCZgUc9/6MHni9IWuFLm1Z3HTCXu2z9fN62Q=="],

    "nanoid": ["nanoid@3.3.12", "", { "bin": { "nanoid": "bin/nanoid.cjs" } }, "sha512-ZB9RH/39qpq5Vu6Y+NmUaFhQR6pp+M2Xt76XBnEwDaGcVAqhlvxrl3B2bKS5D3NH3QR76v3aSrKaF/Kiy7lEtQ=="],

    "next": ["next@14.2.5", "", { "dependencies": { "@next/env": "14.2.5", "@swc/helpers": "0.5.5", "busboy": "1.6.0", "caniuse-lite": "^1.0.30001579", "graceful-fs": "^4.2.11", "postcss": "8.4.31", "styled-jsx": "5.1.1" }, "optionalDependencies": { "@next/swc-darwin-arm64": "14.2.5", "@next/swc-darwin-x64": "14.2.5", "@next/swc-linux-arm64-gnu": "14.2.5", "@next/swc-linux-arm64-musl": "14.2.5", "@next/swc-linux-x64-gnu": "14.2.5", "@next/swc-linux-x64-musl": "14.2.5", "@next/swc-win32-arm64-msvc": "14.2.5", "@next/swc-win32-ia32-msvc": "14.2.5", "@next/swc-win32-x64-msvc": "14.2.5" }, "peerDependencies": { "@opentelemetry/api": "^1.1.0", "@playwright/test": "^1.41.2", "react": "^18.2.0", "react-dom": "^18.2.0", "sass": "^1.3.0" }, "optionalPeers": ["@opentelemetry/api", "@playwright/test", "sass"], "bin": { "next": "dist/bin/next" } }, "sha512-0f8aRfBVL+mpzfBjYfQuLWh2WyAwtJXCRfkPF4UJ5qd2YwrHczsrSzXU4tRMV0OAxR8ZJZWPFn6uhSC56UTsLA=="],

    "node-releases": ["node-releases@2.0.44", "", {}, "sha512-5WUyunoPMsvvEhS8AxHtRzP+oA8UCkJ7YRxatWKjngndhDGLiqEVAQKWjFAiAiuL8zMRGzGSJxFnLetoa43qGQ=="],

    "normalize-path": ["normalize-path@3.0.0", "", {}, "sha512-6eZs5Ls3WtCisHWp9S2GUy8dqkpGi4BVSz3GaqiE6ezub0512ESztXUwUB6C6IKbQkY2Pnb/mD4WYojCRwcwLA=="],

    "object-assign": ["object-assign@4.1.1", "", {}, "sha512-rJgTQnkUnH1sFw8yT6VSU3zD3sWmu6sZhIseY8VX+GRu3P6F7Fu+JNDoXfklElbLJSnc3FUQHVe4cU5hj+BcUg=="],

    "object-hash": ["object-hash@3.0.0", "", {}, "sha512-RSn9F68PjH9HqtltsSnqYC1XXoWe9Bju5+213R98cNGttag9q9yAOTzdbsqvIa7aNm5WffBZFpWYr2aWrklWAw=="],

    "orderedmap": ["orderedmap@2.1.1", "", {}, "sha512-TvAWxi0nDe1j/rtMcWcIj94+Ffe6n7zhow33h40SKxmsmozs6dz/e+EajymfoFcHd7sxNn8yHM8839uixMOV6g=="],

    "path-parse": ["path-parse@1.0.7", "", {}, "sha512-LDJzPVEEEPR+y48z93A0Ed0yXb8pAByGWo/k5YYdYgpY2/2EsOsksJrq7lOHxryrVOn1ejG6oAp8ahvOIQD8sw=="],

    "picocolors": ["picocolors@1.1.1", "", {}, "sha512-xceH2snhtb5M9liqDsmEw56le376mTZkEX/jEb/RxNFyegNul7eNslCXP9FDj/Lcu0X8KEyMceP2ntpaHrDEVA=="],

    "picomatch": ["picomatch@2.3.2", "", {}, "sha512-V7+vQEJ06Z+c5tSye8S+nHUfI51xoXIXjHQ99cQtKUkQqqO1kO/KCJUfZXuB47h/YBlDhah2H3hdUGXn8ie0oA=="],

    "pify": ["pify@2.3.0", "", {}, "sha512-udgsAY+fTnvv7kI7aaxbqwWNb0AHiB0qBO89PZKPkoTmGOgdbrHDKD+0B2X4uTfJ/FT1R09r9gTsjUjNJotuog=="],

    "pirates": ["pirates@4.0.7", "", {}, "sha512-TfySrs/5nm8fQJDcBDuUng3VOUKsd7S+zqvbOTiGXHfxX4wK31ard+hoNuvkicM/2YFzlpDgABOevKSsB4G/FA=="],

    "postcss": ["postcss@8.5.14", "", { "dependencies": { "nanoid": "^3.3.11", "picocolors": "^1.1.1", "source-map-js": "^1.2.1" } }, "sha512-SoSL4+OSEtR99LHFZQiJLkT59C5B1amGO1NzTwj7TT1qCUgUO6hxOvzkOYxD+vMrXBM3XJIKzokoERdqQq/Zmg=="],

    "postcss-import": ["postcss-import@15.1.0", "", { "dependencies": { "postcss-value-parser": "^4.0.0", "read-cache": "^1.0.0", "resolve": "^1.1.7" }, "peerDependencies": { "postcss": "^8.0.0" } }, "sha512-hpr+J05B2FVYUAXHeK1YyI267J/dDDhMU6B6civm8hSY1jYJnBXxzKDKDswzJmtLHryrjhnDjqqp/49t8FALew=="],

    "postcss-js": ["postcss-js@4.1.0", "", { "dependencies": { "camelcase-css": "^2.0.1" }, "peerDependencies": { "postcss": "^8.4.21" } }, "sha512-oIAOTqgIo7q2EOwbhb8UalYePMvYoIeRY2YKntdpFQXNosSu3vLrniGgmH9OKs/qAkfoj5oB3le/7mINW1LCfw=="],

    "postcss-load-config": ["postcss-load-config@6.0.1", "", { "dependencies": { "lilconfig": "^3.1.1" }, "peerDependencies": { "jiti": ">=1.21.0", "postcss": ">=8.0.9", "tsx": "^4.8.1", "yaml": "^2.4.2" }, "optionalPeers": ["jiti", "postcss", "tsx", "yaml"] }, "sha512-oPtTM4oerL+UXmx+93ytZVN82RrlY/wPUV8IeDxFrzIjXOLF1pN+EmKPLbubvKHT2HC20xXsCAH2Z+CKV6Oz/g=="],

    "postcss-nested": ["postcss-nested@6.2.0", "", { "dependencies": { "postcss-selector-parser": "^6.1.1" }, "peerDependencies": { "postcss": "^8.2.14" } }, "sha512-HQbt28KulC5AJzG+cZtj9kvKB93CFCdLvog1WFLf1D+xmMvPGlBstkpTEZfK5+AN9hfJocyBFCNiqyS48bpgzQ=="],

    "postcss-selector-parser": ["postcss-selector-parser@6.1.2", "", { "dependencies": { "cssesc": "^3.0.0", "util-deprecate": "^1.0.2" } }, "sha512-Q8qQfPiZ+THO/3ZrOrO0cJJKfpYCagtMUkXbnEfmgUjwXg6z/WBeOyS9APBBPCTSiDV+s4SwQGu8yFsiMRIudg=="],

    "postcss-value-parser": ["postcss-value-parser@4.2.0", "", {}, "sha512-1NNCs6uurfkVbeXG4S8JFT9t19m45ICnif8zWLd5oPSZ50QnwMfK+H3jv408d4jw/7Bttv5axS5IiHoLaVNHeQ=="],

    "prosemirror-changeset": ["prosemirror-changeset@2.4.1", "", { "dependencies": { "prosemirror-transform": "^1.0.0" } }, "sha512-96WBLhOaYhJ+kPhLg3uW359Tz6I/MfcrQfL4EGv4SrcqKEMC1gmoGrXHecPE8eOwTVCJ4IwgfzM8fFad25wNfw=="],

    "prosemirror-commands": ["prosemirror-commands@1.7.1", "", { "dependencies": { "prosemirror-model": "^1.0.0", "prosemirror-state": "^1.0.0", "prosemirror-transform": "^1.10.2" } }, "sha512-rT7qZnQtx5c0/y/KlYaGvtG411S97UaL6gdp6RIZ23DLHanMYLyfGBV5DtSnZdthQql7W+lEVbpSfwtO8T+L2w=="],

    "prosemirror-dropcursor": ["prosemirror-dropcursor@1.8.2", "", { "dependencies": { "prosemirror-state": "^1.0.0", "prosemirror-transform": "^1.1.0", "prosemirror-view": "^1.1.0" } }, "sha512-CCk6Gyx9+Tt2sbYk5NK0nB1ukHi2ryaRgadV/LvyNuO3ena1payM2z6Cg0vO1ebK8cxbzo41ku2DE5Axj1Zuiw=="],

    "prosemirror-gapcursor": ["prosemirror-gapcursor@1.4.1", "", { "dependencies": { "prosemirror-keymap": "^1.0.0", "prosemirror-model": "^1.0.0", "prosemirror-state": "^1.0.0", "prosemirror-view": "^1.0.0" } }, "sha512-pMdYaEnjNMSwl11yjEGtgTmLkR08m/Vl+Jj443167p9eB3HVQKhYCc4gmHVDsLPODfZfjr/MmirsdyZziXbQKw=="],

    "prosemirror-history": ["prosemirror-history@1.5.0", "", { "dependencies": { "prosemirror-state": "^1.2.2", "prosemirror-transform": "^1.0.0", "prosemirror-view": "^1.31.0", "rope-sequence": "^1.3.0" } }, "sha512-zlzTiH01eKA55UAf1MEjtssJeHnGxO0j4K4Dpx+gnmX9n+SHNlDqI2oO1Kv1iPN5B1dm5fsljCfqKF9nFL6HRg=="],

    "prosemirror-keymap": ["prosemirror-keymap@1.2.3", "", { "dependencies": { "prosemirror-state": "^1.0.0", "w3c-keyname": "^2.2.0" } }, "sha512-4HucRlpiLd1IPQQXNqeo81BGtkY8Ai5smHhKW9jjPKRc2wQIxksg7Hl1tTI2IfT2B/LgX6bfYvXxEpJl7aKYKw=="],

    "prosemirror-model": ["prosemirror-model@1.25.4", "", { "dependencies": { "orderedmap": "^2.0.0" } }, "sha512-PIM7E43PBxKce8OQeezAs9j4TP+5yDpZVbuurd1h5phUxEKIu+G2a+EUZzIC5nS1mJktDJWzbqS23n1tsAf5QA=="],

    "prosemirror-schema-list": ["prosemirror-schema-list@1.5.1", "", { "dependencies": { "prosemirror-model": "^1.0.0", "prosemirror-state": "^1.0.0", "prosemirror-transform": "^1.7.3" } }, "sha512-927lFx/uwyQaGwJxLWCZRkjXG0p48KpMj6ueoYiu4JX05GGuGcgzAy62dfiV8eFZftgyBUvLx76RsMe20fJl+Q=="],

    "prosemirror-state": ["prosemirror-state@1.4.4", "", { "dependencies": { "prosemirror-model": "^1.0.0", "prosemirror-transform": "^1.0.0", "prosemirror-view": "^1.27.0" } }, "sha512-6jiYHH2CIGbCfnxdHbXZ12gySFY/fz/ulZE333G6bPqIZ4F+TXo9ifiR86nAHpWnfoNjOb3o5ESi7J8Uz1jXHw=="],

    "prosemirror-tables": ["prosemirror-tables@1.8.5", "", { "dependencies": { "prosemirror-keymap": "^1.2.3", "prosemirror-model": "^1.25.4", "prosemirror-state": "^1.4.4", "prosemirror-transform": "^1.10.5", "prosemirror-view": "^1.41.4" } }, "sha512-V/0cDCsHKHe/tfWkeCmthNUcEp1IVO3p6vwN8XtwE9PZQLAZJigbw3QoraAdfJPir4NKJtNvOB8oYGKRl+t0Dw=="],

    "prosemirror-transform": ["prosemirror-transform@1.12.0", "", { "dependencies": { "prosemirror-model": "^1.21.0" } }, "sha512-GxboyN4AMIsoHNtz5uf2r2Ru551i5hWeCMD6E2Ib4Eogqoub0NflniaBPVQ4MrGE5yZ8JV9tUHg9qcZTTrcN4w=="],

    "prosemirror-view": ["prosemirror-view@1.41.8", "", { "dependencies": { "prosemirror-model": "^1.20.0", "prosemirror-state": "^1.0.0", "prosemirror-transform": "^1.1.0" } }, "sha512-TnKDdohEatgyZNGCDWIdccOHXhYloJwbwU+phw/a23KBvJIR9lWQWW7WHHK3vBdOLDNuF7TaX98GObUZOWkOnA=="],

    "queue-microtask": ["queue-microtask@1.2.3", "", {}, "sha512-NuaNSa6flKT5JaSYQzJok04JzTL1CA6aGhv5rfLW3PgqA+M2ChpZQnAC8h8i4ZFkBS8X5RqkDBHA7r4hej3K9A=="],

    "react": ["react@18.3.1", "", { "dependencies": { "loose-envify": "^1.1.0" } }, "sha512-wS+hAgJShR0KhEvPJArfuPVN1+Hz1t0Y6n5jLrGQbkb4urgPE/0Rve+1kMB1v/oWgHgm4WIcV+i7F2pTVj+2iQ=="],

    "react-dom": ["react-dom@18.3.1", "", { "dependencies": { "loose-envify": "^1.1.0", "scheduler": "^0.23.2" }, "peerDependencies": { "react": "^18.3.1" } }, "sha512-5m4nQKp+rZRb09LNH59GM4BxTh9251/ylbKIbpe7TpGxfJ+9kv6BLkLBXIjjspbgbnIBNqlI23tRnTWT0snUIw=="],

    "read-cache": ["read-cache@1.0.0", "", { "dependencies": { "pify": "^2.3.0" } }, "sha512-Owdv/Ft7IjOgm/i0xvNDZ1LrRANRfew4b2prF3OWMQLxLfu3bS8FVhCsrSCMK4lR56Y9ya+AThoTpDCTxCmpRA=="],

    "readdirp": ["readdirp@3.6.0", "", { "dependencies": { "picomatch": "^2.2.1" } }, "sha512-hOS089on8RduqdbhvQ5Z37A0ESjsqz6qnRcffsMU3495FuTdqSm+7bhJ29JvIOsBDEEnan5DPu9t3To9VRlMzA=="],

    "resolve": ["resolve@1.22.12", "", { "dependencies": { "es-errors": "^1.3.0", "is-core-module": "^2.16.1", "path-parse": "^1.0.7", "supports-preserve-symlinks-flag": "^1.0.0" }, "bin": { "resolve": "bin/resolve" } }, "sha512-TyeJ1zif53BPfHootBGwPRYT1RUt6oGWsaQr8UyZW/eAm9bKoijtvruSDEmZHm92CwS9nj7/fWttqPCgzep8CA=="],

    "reusify": ["reusify@1.1.0", "", {}, "sha512-g6QUff04oZpHs0eG5p83rFLhHeV00ug/Yf9nZM6fLeUrPguBTkTQOdpAWWspMh55TZfVQDPaN3NQJfbVRAxdIw=="],

    "rope-sequence": ["rope-sequence@1.3.4", "", {}, "sha512-UT5EDe2cu2E/6O4igUr5PSFs23nvvukicWHx6GnOPlHAiiYbzNuCRQCuiUdHJQcqKalLKlrYJnjY0ySGsXNQXQ=="],

    "run-parallel": ["run-parallel@1.2.0", "", { "dependencies": { "queue-microtask": "^1.2.2" } }, "sha512-5l4VyZR86LZ/lDxZTR6jqL8AFE2S0IFLMP26AbjsLVADxHdhB/c0GUsH+y39UfCi3dzz8OlQuPmnaJOMoDHQBA=="],

    "scheduler": ["scheduler@0.23.2", "", { "dependencies": { "loose-envify": "^1.1.0" } }, "sha512-UOShsPwz7NrMUqhR6t0hWjFduvOzbtv7toDH1/hIrfRNIDBnnBWd0CwJTGvTpngVlmwGCdP9/Zl/tVrDqcuYzQ=="],

    "source-map-js": ["source-map-js@1.2.1", "", {}, "sha512-UXWMKhLOwVKb728IUtQPXxfYU+usdybtUrK/8uGE8CQMvrhOpwvzDBwj0QhSL7MQc7vIsISBG8VQ8+IDQxpfQA=="],

    "streamsearch": ["streamsearch@1.1.0", "", {}, "sha512-Mcc5wHehp9aXz1ax6bZUyY5afg9u2rv5cqQI3mRrYkGC8rW2hM02jWuwjtL++LS5qinSyhj2QfLyNsuc+VsExg=="],

    "styled-jsx": ["styled-jsx@5.1.1", "", { "dependencies": { "client-only": "0.0.1" }, "peerDependencies": { "react": ">= 16.8.0 || 17.x.x || ^18.0.0-0" } }, "sha512-pW7uC1l4mBZ8ugbiZrcIsiIvVx1UmTfw7UkC3Um2tmfUq9Bhk8IiyEIPl6F8agHgjzku6j0xQEZbfA5uSgSaCw=="],

    "sucrase": ["sucrase@3.35.1", "", { "dependencies": { "@jridgewell/gen-mapping": "^0.3.2", "commander": "^4.0.0", "lines-and-columns": "^1.1.6", "mz": "^2.7.0", "pirates": "^4.0.1", "tinyglobby": "^0.2.11", "ts-interface-checker": "^0.1.9" }, "bin": { "sucrase": "bin/sucrase", "sucrase-node": "bin/sucrase-node" } }, "sha512-DhuTmvZWux4H1UOnWMB3sk0sbaCVOoQZjv8u1rDoTV0HTdGem9hkAZtl4JZy8P2z4Bg0nT+YMeOFyVr4zcG5Tw=="],

    "supports-preserve-symlinks-flag": ["supports-preserve-symlinks-flag@1.0.0", "", {}, "sha512-ot0WnXS9fgdkgIcePe6RHNk1WA8+muPa6cSjeR3V8K27q9BB1rTE3R1p7Hv0z1ZyAc8s6Vvv8DIyWf681MAt0w=="],

    "tailwindcss": ["tailwindcss@3.4.19", "", { "dependencies": { "@alloc/quick-lru": "^5.2.0", "arg": "^5.0.2", "chokidar": "^3.6.0", "didyoumean": "^1.2.2", "dlv": "^1.1.3", "fast-glob": "^3.3.2", "glob-parent": "^6.0.2", "is-glob": "^4.0.3", "jiti": "^1.21.7", "lilconfig": "^3.1.3", "micromatch": "^4.0.8", "normalize-path": "^3.0.0", "object-hash": "^3.0.0", "picocolors": "^1.1.1", "postcss": "^8.4.47", "postcss-import": "^15.1.0", "postcss-js": "^4.0.1", "postcss-load-config": "^4.0.2 || ^5.0 || ^6.0", "postcss-nested": "^6.2.0", "postcss-selector-parser": "^6.1.2", "resolve": "^1.22.8", "sucrase": "^3.35.0" }, "bin": { "tailwind": "lib/cli.js", "tailwindcss": "lib/cli.js" } }, "sha512-3ofp+LL8E+pK/JuPLPggVAIaEuhvIz4qNcf3nA1Xn2o/7fb7s/TYpHhwGDv1ZU3PkBluUVaF8PyCHcm48cKLWQ=="],

    "thenify": ["thenify@3.3.1", "", { "dependencies": { "any-promise": "^1.0.0" } }, "sha512-RVZSIV5IG10Hk3enotrhvz0T9em6cyHBLkH/YAZuKqd8hRkKhSfCGIcP2KUY0EPxndzANBmNllzWPwak+bheSw=="],

    "thenify-all": ["thenify-all@1.6.0", "", { "dependencies": { "thenify": ">= 3.1.0 < 4" } }, "sha512-RNxQH/qI8/t3thXJDwcstUO4zeqo64+Uy/+sNVRBx4Xn2OX+OZ9oP+iJnNFqplFra2ZUVeKCSa2oVWi3T4uVmA=="],

    "tinyglobby": ["tinyglobby@0.2.16", "", { "dependencies": { "fdir": "^6.5.0", "picomatch": "^4.0.4" } }, "sha512-pn99VhoACYR8nFHhxqix+uvsbXineAasWm5ojXoN8xEwK5Kd3/TrhNn1wByuD52UxWRLy8pu+kRMniEi6Eq9Zg=="],

    "to-regex-range": ["to-regex-range@5.0.1", "", { "dependencies": { "is-number": "^7.0.0" } }, "sha512-65P7iz6X5yEr1cwcgvQxbbIw7Uk3gOy5dIdtZ4rDveLqhrdJP+Li/Hx6tyK0NEb+2GCyneCMJiGqrADCSNk8sQ=="],

    "ts-interface-checker": ["ts-interface-checker@0.1.13", "", {}, "sha512-Y/arvbn+rrz3JCKl9C4kVNfTfSm2/mEp5FSz5EsZSANGPSlQrpRI5M4PKF+mJnE52jOO90PnPSc3Ur3bTQw0gA=="],

    "tslib": ["tslib@2.8.1", "", {}, "sha512-oJFu94HQb+KVduSUQL7wnpmqnfmLsOA/nAh6b6EH0wCEoK0/mPeXU6c3wKDV83MkOuHPRHtSXKKU99IBazS/2w=="],

    "typescript": ["typescript@5.9.3", "", { "bin": { "tsc": "bin/tsc", "tsserver": "bin/tsserver" } }, "sha512-jl1vZzPDinLr9eUt3J/t7V6FgNEw9QjvBPdysz9KfQDD41fQrC2Y4vKQdiaUpFT4bXlb1RHhLpp8wtm6M5TgSw=="],

    "update-browserslist-db": ["update-browserslist-db@1.2.3", "", { "dependencies": { "escalade": "^3.2.0", "picocolors": "^1.1.1" }, "peerDependencies": { "browserslist": ">= 4.21.0" }, "bin": { "update-browserslist-db": "cli.js" } }, "sha512-Js0m9cx+qOgDxo0eMiFGEueWztz+d4+M3rGlmKPT+T4IS/jP4ylw3Nwpu6cpTTP8R1MAC1kF4VbdLt3ARf209w=="],

    "use-sync-external-store": ["use-sync-external-store@1.6.0", "", { "peerDependencies": { "react": "^16.8.0 || ^17.0.0 || ^18.0.0 || ^19.0.0" } }, "sha512-Pp6GSwGP/NrPIrxVFAIkOQeyw8lFenOHijQWkUTrDvrF4ALqylP2C/KCkeS9dpUM3KvYRQhna5vt7IL95+ZQ9w=="],

    "util-deprecate": ["util-deprecate@1.0.2", "", {}, "sha512-EPD5q1uXyFxJpCrLnCc1nHnq3gOa6DZBocAIiI2TaSCA7VCJ1UJDMagCzIkXNsUYfD1daK//LTEQ8xiIbrHtcw=="],

    "w3c-keyname": ["w3c-keyname@2.2.8", "", {}, "sha512-dpojBhNsCNN7T82Tm7k26A6G9ML3NkhDsnw9n/eoxSRlVBB4CEtIQ/KTCLI2Fwf3ataSXRhYFkQi3SlnFwPvPQ=="],

    "chokidar/glob-parent": ["glob-parent@5.1.2", "", { "dependencies": { "is-glob": "^4.0.1" } }, "sha512-AOIgSQCepiJYwP3ARnGx+5VnTu2HBYdzbGP45eLw1vr3zB3vZLeyed1sC9hnbcOc9/SrMyM5RPQrkGz4aS9Zow=="],

    "fast-glob/glob-parent": ["glob-parent@5.1.2", "", { "dependencies": { "is-glob": "^4.0.1" } }, "sha512-AOIgSQCepiJYwP3ARnGx+5VnTu2HBYdzbGP45eLw1vr3zB3vZLeyed1sC9hnbcOc9/SrMyM5RPQrkGz4aS9Zow=="],

    "next/postcss": ["postcss@8.4.31", "", { "dependencies": { "nanoid": "^3.3.6", "picocolors": "^1.0.0", "source-map-js": "^1.0.2" } }, "sha512-PS08Iboia9mts/2ygV3eLpY5ghnUcfLV/EXTOW1E2qYxJKGGBUtNjN76FYHnMs36RmARn41bC0AZmn+rR0OVpQ=="],

    "tinyglobby/picomatch": ["picomatch@4.0.4", "", {}, "sha512-QP88BAKvMam/3NxH6vj2o21R6MjxZUAd6nlwAS/pnGvN9IVLocLHxGYIzFhg6fUQ+5th6P4dv4eW9jX3DSIj7A=="],
  }
}
